
Microsoft Visual Studio Solution File, Format Version 12.00
# Visual Studio Version 16
VisualStudioVersion = 16.0.29215.179
MinimumVisualStudioVersion = 10.0.40219.1
Project("{FAE04EC0-301F-11D3-BF4B-00C04F79EFBC}") = "Jira.FlowCharts", "Jira.FlowCharts\Jira.FlowCharts.csproj", "{9F062E64-7707-4552-9955-49927D7E2715}"
EndProject
Project("{9A19103F-16F7-4668-BE54-9A1E7A4F7556}") = "Jira.Querying.Test", "Jira.Querying.Test\Jira.Querying.Test.csproj", "{62A5ECD8-68AC-4CE6-9A15-B4F2752DFD8F}"
EndProject
Project("{9A19103F-16F7-4668-BE54-9A1E7A4F7556}") = "Jira.Querying", "Jira.Querying\Jira.Querying.csproj", "{5E684A18-CAC5-460B-9E5A-810C48F09BF6}"
EndProject
Project("{9A19103F-16F7-4668-BE54-9A1E7A4F7556}") = "Jira.Querying.Console", "Jira.Querying.Console\Jira.Querying.Console.csproj", "{CB9B62E5-B57F-4A8E-9B8C-E7FAC3A28D16}"
EndProject
Project("{FAE04EC0-301F-11D3-BF4B-00C04F79EFBC}") = "Jira.FlowCharts.Test", "Jira.FlowCharts.Test\Jira.FlowCharts.Test.csproj", "{7F2CF637-B39A-49A7-A754-FE73B4854503}"
EndProject
Global
	GlobalSection(SolutionConfigurationPlatforms) = preSolution
		Debug|Any CPU = Debug|Any CPU
		Release|Any CPU = Release|Any CPU
	EndGlobalSection
	GlobalSection(ProjectConfigurationPlatforms) = postSolution
		{9F062E64-7707-4552-9955-49927D7E2715}.Debug|Any CPU.ActiveCfg = Debug|Any CPU
		{9F062E64-7707-4552-9955-49927D7E2715}.Debug|Any CPU.Build.0 = Debug|Any CPU
		{9F062E64-7707-4552-9955-49927D7E2715}.Release|Any CPU.ActiveCfg = Release|Any CPU
		{9F062E64-7707-4552-9955-49927D7E2715}.Release|Any CPU.Build.0 = Release|Any CPU
		{62A5ECD8-68AC-4CE6-9A15-B4F2752DFD8F}.Debug|Any CPU.ActiveCfg = Debug|Any CPU
		{62A5ECD8-68AC-4CE6-9A15-B4F2752DFD8F}.Debug|Any CPU.Build.0 = Debug|Any CPU
		{62A5ECD8-68AC-4CE6-9A15-B4F2752DFD8F}.Release|Any CPU.ActiveCfg = Release|Any CPU
		{62A5ECD8-68AC-4CE6-9A15-B4F2752DFD8F}.Release|Any CPU.Build.0 = Release|Any CPU
		{5E684A18-CAC5-460B-9E5A-810C48F09BF6}.Debug|Any CPU.ActiveCfg = Debug|Any CPU
		{5E684A18-CAC5-460B-9E5A-810C48F09BF6}.Debug|Any CPU.Build.0 = Debug|Any CPU
		{5E684A18-CAC5-460B-9E5A-810C48F09BF6}.Release|Any CPU.ActiveCfg = Release|Any CPU
		{5E684A18-CAC5-460B-9E5A-810C48F09BF6}.Release|Any CPU.Build.0 = Release|Any CPU
		{CB9B62E5-B57F-4A8E-9B8C-E7FAC3A28D16}.Debug|Any CPU.ActiveCfg = Debug|Any CPU
		{CB9B62E5-B57F-4A8E-9B8C-E7FAC3A28D16}.Debug|Any CPU.Build.0 = Debug|Any CPU
		{CB9B62E5-B57F-4A8E-9B8C-E7FAC3A28D16}.Release|Any CPU.ActiveCfg = Release|Any CPU
		{CB9B62E5-B57F-4A8E-9B8C-E7FAC3A28D16}.Release|Any CPU.Build.0 = Release|Any CPU
		{7F2CF637-B39A-49A7-A754-FE73B4854503}.Debug|Any CPU.ActiveCfg = Debug|Any CPU
		{7F2CF637-B39A-49A7-A754-FE73B4854503}.Debug|Any CPU.Build.0 = Debug|Any CPU
		{7F2CF637-B39A-49A7-A754-FE73B4854503}.Release|Any CPU.ActiveCfg = Release|Any CPU
		{7F2CF637-B39A-49A7-A754-FE73B4854503}.Release|Any CPU.Build.0 = Release|Any CPU
	EndGlobalSection
	GlobalSection(SolutionProperties) = preSolution
		HideSolutionNode = FALSE
	EndGlobalSection
	GlobalSection(ExtensibilityGlobals) = postSolution
		SolutionGuid = {B6B03143-CADB-4B4B-BE0D-2861114CD206}
	EndGlobalSection
EndGlobal
